
Microsoft Visual Studio Solution File, Format Version 12.00
# Visual Studio 15
VisualStudioVersion = 15.0.28307.168
MinimumVisualStudioVersion = 10.0.40219.1
Project("{FAE04EC0-301F-11D3-BF4B-00C04F79EFBC}") = "AppWeather.Android", "AppWeather\AppWeather.Android\AppWeather.Android.csproj", "{58F1A602-27A7-40F9-82FA-E552AFB6205A}"
EndProject
Project("{FAE04EC0-301F-11D3-BF4B-00C04F79EFBC}") = "AppWeather.iOS", "AppWeather\AppWeather.iOS\AppWeather.iOS.csproj", "{18679BCA-CC8B-4F1D-907F-63399FB20877}"
EndProject
Project("{FAE04EC0-301F-11D3-BF4B-00C04F79EFBC}") = "AppWeather", "AppWeather\AppWeather\AppWeather.csproj", "{102FA6DB-581D-4812-94D5-7B276A52DA45}"
EndProject
Global
	GlobalSection(SolutionConfigurationPlatforms) = preSolution
		Ad-Hoc|Any CPU = Ad-Hoc|Any CPU
		Ad-Hoc|iPhone = Ad-Hoc|iPhone
		Ad-Hoc|iPhoneSimulator = Ad-Hoc|iPhoneSimulator
		AppStore|Any CPU = AppStore|Any CPU
		AppStore|iPhone = AppStore|iPhone
		AppStore|iPhoneSimulator = AppStore|iPhoneSimulator
		Debug|Any CPU = Debug|Any CPU
		Debug|iPhone = Debug|iPhone
		Debug|iPhoneSimulator = Debug|iPhoneSimulator
		Release|Any CPU = Release|Any CPU
		Release|iPhone = Release|iPhone
		Release|iPhoneSimulator = Release|iPhoneSimulator
	EndGlobalSection
	GlobalSection(ProjectConfigurationPlatforms) = postSolution
		{58F1A602-27A7-40F9-82FA-E552AFB6205A}.Ad-Hoc|Any CPU.ActiveCfg = Release|Any CPU
		{58F1A602-27A7-40F9-82FA-E552AFB6205A}.Ad-Hoc|Any CPU.Build.0 = Release|Any CPU
		{58F1A602-27A7-40F9-82FA-E552AFB6205A}.Ad-Hoc|Any CPU.Deploy.0 = Release|Any CPU
		{58F1A602-27A7-40F9-82FA-E552AFB6205A}.Ad-Hoc|iPhone.ActiveCfg = Release|Any CPU
		{58F1A602-27A7-40F9-82FA-E552AFB6205A}.Ad-Hoc|iPhone.Build.0 = Release|Any CPU
		{58F1A602-27A7-40F9-82FA-E552AFB6205A}.Ad-Hoc|iPhone.Deploy.0 = Release|Any CPU
		{58F1A602-27A7-40F9-82FA-E552AFB6205A}.Ad-Hoc|iPhoneSimulator.ActiveCfg = Release|Any CPU
		{58F1A602-27A7-40F9-82FA-E552AFB6205A}.Ad-Hoc|iPhoneSimulator.Build.0 = Release|Any CPU
		{58F1A602-27A7-40F9-82FA-E552AFB6205A}.Ad-Hoc|iPhoneSimulator.Deploy.0 = Release|Any CPU
		{58F1A602-27A7-40F9-82FA-E552AFB6205A}.AppStore|Any CPU.ActiveCfg = Release|Any CPU
		{58F1A602-27A7-40F9-82FA-E552AFB6205A}.AppStore|Any CPU.Build.0 = Release|Any CPU
		{58F1A602-27A7-40F9-82FA-E552AFB6205A}.AppStore|Any CPU.Deploy.0 = Release|Any CPU
		{58F1A602-27A7-40F9-82FA-E552AFB6205A}.AppStore|iPhone.ActiveCfg = Release|Any CPU
		{58F1A602-27A7-40F9-82FA-E552AFB6205A}.AppStore|iPhone.Build.0 = Release|Any CPU
		{58F1A602-27A7-40F9-82FA-E552AFB6205A}.AppStore|iPhone.Deploy.0 = Release|Any CPU
		{58F1A602-27A7-40F9-82FA-E552AFB6205A}.AppStore|iPhoneSimulator.ActiveCfg = Release|Any CPU
		{58F1A602-27A7-40F9-82FA-E552AFB6205A}.AppStore|iPhoneSimulator.Build.0 = Release|Any CPU
		{58F1A602-27A7-40F9-82FA-E552AFB6205A}.AppStore|iPhoneSimulator.Deploy.0 = Release|Any CPU
		{58F1A602-27A7-40F9-82FA-E552AFB6205A}.Debug|Any CPU.ActiveCfg = Debug|Any CPU
		{58F1A602-27A7-40F9-82FA-E552AFB6205A}.Debug|Any CPU.Build.0 = Debug|Any CPU
		{58F1A602-27A7-40F9-82FA-E552AFB6205A}.Debug|Any CPU.Deploy.0 = Debug|Any CPU
		{58F1A602-27A7-40F9-82FA-E552AFB6205A}.Debug|iPhone.ActiveCfg = Debug|Any CPU
		{58F1A602-27A7-40F9-82FA-E552AFB6205A}.Debug|iPhone.Build.0 = Debug|Any CPU
		{58F1A602-27A7-40F9-82FA-E552AFB6205A}.Debug|iPhone.Deploy.0 = Debug|Any CPU
		{58F1A602-27A7-40F9-82FA-E552AFB6205A}.Debug|iPhoneSimulator.ActiveCfg = Debug|Any CPU
		{58F1A602-27A7-40F9-82FA-E552AFB6205A}.Debug|iPhoneSimulator.Build.0 = Debug|Any CPU
		{58F1A602-27A7-40F9-82FA-E552AFB6205A}.Debug|iPhoneSimulator.Deploy.0 = Debug|Any CPU
		{58F1A602-27A7-40F9-82FA-E552AFB6205A}.Release|Any CPU.ActiveCfg = Release|Any CPU
		{58F1A602-27A7-40F9-82FA-E552AFB6205A}.Release|Any CPU.Build.0 = Release|Any CPU
		{58F1A602-27A7-40F9-82FA-E552AFB6205A}.Release|Any CPU.Deploy.0 = Release|Any CPU
		{58F1A602-27A7-40F9-82FA-E552AFB6205A}.Release|iPhone.ActiveCfg = Release|Any CPU
		{58F1A602-27A7-40F9-82FA-E552AFB6205A}.Release|iPhone.Build.0 = Release|Any CPU
		{58F1A602-27A7-40F9-82FA-E552AFB6205A}.Release|iPhone.Deploy.0 = Release|Any CPU
		{58F1A602-27A7-40F9-82FA-E552AFB6205A}.Release|iPhoneSimulator.ActiveCfg = Release|Any CPU
		{58F1A602-27A7-40F9-82FA-E552AFB6205A}.Release|iPhoneSimulator.Build.0 = Release|Any CPU
		{58F1A602-27A7-40F9-82FA-E552AFB6205A}.Release|iPhoneSimulator.Deploy.0 = Release|Any CPU
		{18679BCA-CC8B-4F1D-907F-63399FB20877}.Ad-Hoc|Any CPU.ActiveCfg = Ad-Hoc|iPhone
		{18679BCA-CC8B-4F1D-907F-63399FB20877}.Ad-Hoc|Any CPU.Build.0 = Ad-Hoc|iPhone
		{18679BCA-CC8B-4F1D-907F-63399FB20877}.Ad-Hoc|Any CPU.Deploy.0 = Ad-Hoc|iPhone
		{18679BCA-CC8B-4F1D-907F-63399FB20877}.Ad-Hoc|iPhone.ActiveCfg = Ad-Hoc|iPhone
		{18679BCA-CC8B-4F1D-907F-63399FB20877}.Ad-Hoc|iPhone.Build.0 = Ad-Hoc|iPhone
		{18679BCA-CC8B-4F1D-907F-63399FB20877}.Ad-Hoc|iPhone.Deploy.0 = Ad-Hoc|iPhone
		{18679BCA-CC8B-4F1D-907F-63399FB20877}.Ad-Hoc|iPhoneSimulator.ActiveCfg = Ad-Hoc|iPhoneSimulator
		{18679BCA-CC8B-4F1D-907F-63399FB20877}.Ad-Hoc|iPhoneSimulator.Build.0 = Ad-Hoc|iPhoneSimulator
		{18679BCA-CC8B-4F1D-907F-63399FB20877}.Ad-Hoc|iPhoneSimulator.Deploy.0 = Ad-Hoc|iPhoneSimulator
		{18679BCA-CC8B-4F1D-907F-63399FB20877}.AppStore|Any CPU.ActiveCfg = AppStore|iPhone
		{18679BCA-CC8B-4F1D-907F-63399FB20877}.AppStore|Any CPU.Build.0 = AppStore|iPhone
		{18679BCA-CC8B-4F1D-907F-63399FB20877}.AppStore|Any CPU.Deploy.0 = AppStore|iPhone
		{18679BCA-CC8B-4F1D-907F-63399FB20877}.AppStore|iPhone.ActiveCfg = AppStore|iPhone
		{18679BCA-CC8B-4F1D-907F-63399FB20877}.AppStore|iPhone.Build.0 = AppStore|iPhone
		{18679BCA-CC8B-4F1D-907F-63399FB20877}.AppStore|iPhone.Deploy.0 = AppStore|iPhone
		{18679BCA-CC8B-4F1D-907F-63399FB20877}.AppStore|iPhoneSimulator.ActiveCfg = AppStore|iPhoneSimulator
		{18679BCA-CC8B-4F1D-907F-63399FB20877}.AppStore|iPhoneSimulator.Build.0 = AppStore|iPhoneSimulator
		{18679BCA-CC8B-4F1D-907F-63399FB20877}.AppStore|iPhoneSimulator.Deploy.0 = AppStore|iPhoneSimulator
		{18679BCA-CC8B-4F1D-907F-63399FB20877}.Debug|Any CPU.ActiveCfg = Debug|iPhoneSimulator
		{18679BCA-CC8B-4F1D-907F-63399FB20877}.Debug|Any CPU.Build.0 = Debug|iPhoneSimulator
		{18679BCA-CC8B-4F1D-907F-63399FB20877}.Debug|Any CPU.Deploy.0 = Debug|iPhoneSimulator
		{18679BCA-CC8B-4F1D-907F-63399FB20877}.Debug|iPhone.ActiveCfg = Debug|iPhone
		{18679BCA-CC8B-4F1D-907F-63399FB20877}.Debug|iPhone.Build.0 = Debug|iPhone
		{18679BCA-CC8B-4F1D-907F-63399FB20877}.Debug|iPhone.Deploy.0 = Debug|iPhone
		{18679BCA-CC8B-4F1D-907F-63399FB20877}.Debug|iPhoneSimulator.ActiveCfg = Debug|iPhoneSimulator
		{18679BCA-CC8B-4F1D-907F-63399FB20877}.Debug|iPhoneSimulator.Build.0 = Debug|iPhoneSimulator
		{18679BCA-CC8B-4F1D-907F-63399FB20877}.Debug|iPhoneSimulator.Deploy.0 = Debug|iPhoneSimulator
		{18679BCA-CC8B-4F1D-907F-63399FB20877}.Release|Any CPU.ActiveCfg = Release|iPhone
		{18679BCA-CC8B-4F1D-907F-63399FB20877}.Release|Any CPU.Build.0 = Release|iPhone
		{18679BCA-CC8B-4F1D-907F-63399FB20877}.Release|Any CPU.Deploy.0 = Release|iPhone
		{18679BCA-CC8B-4F1D-907F-63399FB20877}.Release|iPhone.ActiveCfg = Release|iPhone
		{18679BCA-CC8B-4F1D-907F-63399FB20877}.Release|iPhone.Build.0 = Release|iPhone
		{18679BCA-CC8B-4F1D-907F-63399FB20877}.Release|iPhone.Deploy.0 = Release|iPhone
		{18679BCA-CC8B-4F1D-907F-63399FB20877}.Release|iPhoneSimulator.ActiveCfg = Release|iPhoneSimulator
		{18679BCA-CC8B-4F1D-907F-63399FB20877}.Release|iPhoneSimulator.Build.0 = Release|iPhoneSimulator
		{18679BCA-CC8B-4F1D-907F-63399FB20877}.Release|iPhoneSimulator.Deploy.0 = Release|iPhoneSimulator
		{102FA6DB-581D-4812-94D5-7B276A52DA45}.Ad-Hoc|Any CPU.ActiveCfg = Debug|Any CPU
		{102FA6DB-581D-4812-94D5-7B276A52DA45}.Ad-Hoc|Any CPU.Build.0 = Debug|Any CPU
		{102FA6DB-581D-4812-94D5-7B276A52DA45}.Ad-Hoc|Any CPU.Deploy.0 = Debug|Any CPU
		{102FA6DB-581D-4812-94D5-7B276A52DA45}.Ad-Hoc|iPhone.ActiveCfg = Debug|Any CPU
		{102FA6DB-581D-4812-94D5-7B276A52DA45}.Ad-Hoc|iPhone.Build.0 = Debug|Any CPU
		{102FA6DB-581D-4812-94D5-7B276A52DA45}.Ad-Hoc|iPhone.Deploy.0 = Debug|Any CPU
		{102FA6DB-581D-4812-94D5-7B276A52DA45}.Ad-Hoc|iPhoneSimulator.ActiveCfg = Debug|Any CPU
		{102FA6DB-581D-4812-94D5-7B276A52DA45}.Ad-Hoc|iPhoneSimulator.Build.0 = Debug|Any CPU
		{102FA6DB-581D-4812-94D5-7B276A52DA45}.Ad-Hoc|iPhoneSimulator.Deploy.0 = Debug|Any CPU
		{102FA6DB-581D-4812-94D5-7B276A52DA45}.AppStore|Any CPU.ActiveCfg = Debug|Any CPU
		{102FA6DB-581D-4812-94D5-7B276A52DA45}.AppStore|Any CPU.Build.0 = Debug|Any CPU
		{102FA6DB-581D-4812-94D5-7B276A52DA45}.AppStore|Any CPU.Deploy.0 = Debug|Any CPU
		{102FA6DB-581D-4812-94D5-7B276A52DA45}.AppStore|iPhone.ActiveCfg = Debug|Any CPU
		{102FA6DB-581D-4812-94D5-7B276A52DA45}.AppStore|iPhone.Build.0 = Debug|Any CPU
		{102FA6DB-581D-4812-94D5-7B276A52DA45}.AppStore|iPhone.Deploy.0 = Debug|Any CPU
		{102FA6DB-581D-4812-94D5-7B276A52DA45}.AppStore|iPhoneSimulator.ActiveCfg = Debug|Any CPU
		{102FA6DB-581D-4812-94D5-7B276A52DA45}.AppStore|iPhoneSimulator.Build.0 = Debug|Any CPU
		{102FA6DB-581D-4812-94D5-7B276A52DA45}.AppStore|iPhoneSimulator.Deploy.0 = Debug|Any CPU
		{102FA6DB-581D-4812-94D5-7B276A52DA45}.Debug|Any CPU.ActiveCfg = Debug|Any CPU
		{102FA6DB-581D-4812-94D5-7B276A52DA45}.Debug|Any CPU.Build.0 = Debug|Any CPU
		{102FA6DB-581D-4812-94D5-7B276A52DA45}.Debug|Any CPU.Deploy.0 = Debug|Any CPU
		{102FA6DB-581D-4812-94D5-7B276A52DA45}.Debug|iPhone.ActiveCfg = Debug|Any CPU
		{102FA6DB-581D-4812-94D5-7B276A52DA45}.Debug|iPhone.Build.0 = Debug|Any CPU
		{102FA6DB-581D-4812-94D5-7B276A52DA45}.Debug|iPhone.Deploy.0 = Debug|Any CPU
		{102FA6DB-581D-4812-94D5-7B276A52DA45}.Debug|iPhoneSimulator.ActiveCfg = Debug|Any CPU
		{102FA6DB-581D-4812-94D5-7B276A52DA45}.Debug|iPhoneSimulator.Build.0 = Debug|Any CPU
		{102FA6DB-581D-4812-94D5-7B276A52DA45}.Debug|iPhoneSimulator.Deploy.0 = Debug|Any CPU
		{102FA6DB-581D-4812-94D5-7B276A52DA45}.Release|Any CPU.ActiveCfg = Release|Any CPU
		{102FA6DB-581D-4812-94D5-7B276A52DA45}.Release|Any CPU.Build.0 = Release|Any CPU
		{102FA6DB-581D-4812-94D5-7B276A52DA45}.Release|Any CPU.Deploy.0 = Release|Any CPU
		{102FA6DB-581D-4812-94D5-7B276A52DA45}.Release|iPhone.ActiveCfg = Release|Any CPU
		{102FA6DB-581D-4812-94D5-7B276A52DA45}.Release|iPhone.Build.0 = Release|Any CPU
		{102FA6DB-581D-4812-94D5-7B276A52DA45}.Release|iPhone.Deploy.0 = Release|Any CPU
		{102FA6DB-581D-4812-94D5-7B276A52DA45}.Release|iPhoneSimulator.ActiveCfg = Release|Any CPU
		{102FA6DB-581D-4812-94D5-7B276A52DA45}.Release|iPhoneSimulator.Build.0 = Release|Any CPU
		{102FA6DB-581D-4812-94D5-7B276A52DA45}.Release|iPhoneSimulator.Deploy.0 = Release|Any CPU
	EndGlobalSection
	GlobalSection(SolutionProperties) = preSolution
		HideSolutionNode = FALSE
	EndGlobalSection
	GlobalSection(ExtensibilityGlobals) = postSolution
		SolutionGuid = {9B7B8733-7030-4B95-B709-95DA727085B4}
	EndGlobalSection
EndGlobal
